
Microsoft Visual Studio Solution File, Format Version 12.00
# Visual Studio 15
VisualStudioVersion = 15.0.27428.2043
MinimumVisualStudioVersion = 10.0.40219.1
Project("{FAE04EC0-301F-11D3-BF4B-00C04F79EFBC}") = "WindowsFormsApp3", "WindowsFormsApp3\WindowsFormsApp3.csproj", "{302B9C49-59B4-4947-AC29-DEE848254EF5}"
EndProject
Global
	GlobalSection(SolutionConfigurationPlatforms) = preSolution
		Debug|Any CPU = Debug|Any CPU
		Release|Any CPU = Release|Any CPU
	EndGlobalSection
	GlobalSection(ProjectConfigurationPlatforms) = postSolution
		{302B9C49-59B4-4947-AC29-DEE848254EF5}.Debug|Any CPU.ActiveCfg = Debug|Any CPU
		{302B9C49-59B4-4947-AC29-DEE848254EF5}.Debug|Any CPU.Build.0 = Debug|Any CPU
		{302B9C49-59B4-4947-AC29-DEE848254EF5}.Release|Any CPU.ActiveCfg = Release|Any CPU
		{302B9C49-59B4-4947-AC29-DEE848254EF5}.Release|Any CPU.Build.0 = Release|Any CPU
	EndGlobalSection
	GlobalSection(SolutionProperties) = preSolution
		HideSolutionNode = FALSE
	EndGlobalSection
	GlobalSection(ExtensibilityGlobals) = postSolution
		SolutionGuid = {030199CC-A41B-4348-9ED7-151F4ED0FC55}
	EndGlobalSection
EndGlobal
